// !$*UTF8*$!
{
	archiveVersion = 1;
	classes = {
	};
	objectVersion = 56;
	objects = {

/* Begin PBXBuildFile section */
		845E98422C4E615800BF9483 /* LocalizedStringConstants.swift in Sources */ = {isa = PBXBuildFile; fileRef = 845E98412C4E615800BF9483 /* LocalizedStringConstants.swift */; };
		848D3B922C466C2A00EA36F2 /* LocalizationToturialApp.swift in Sources */ = {isa = PBXBuildFile; fileRef = 848D3B912C466C2A00EA36F2 /* LocalizationToturialApp.swift */; };
		848D3B942C466C2A00EA36F2 /* ContentView.swift in Sources */ = {isa = PBXBuildFile; fileRef = 848D3B932C466C2A00EA36F2 /* ContentView.swift */; };
		848D3B962C466C2B00EA36F2 /* Assets.xcassets in Resources */ = {isa = PBXBuildFile; fileRef = 848D3B952C466C2B00EA36F2 /* Assets.xcassets */; };
		848D3B992C466C2B00EA36F2 /* Preview Assets.xcassets in Resources */ = {isa = PBXBuildFile; fileRef = 848D3B982C466C2B00EA36F2 /* Preview Assets.xcassets */; };
		848D3BA02C46726600EA36F2 /* Helper.swift in Sources */ = {isa = PBXBuildFile; fileRef = 848D3B9F2C46726600EA36F2 /* Helper.swift */; };
		848D3BA22C46750C00EA36F2 /* Model.swift in Sources */ = {isa = PBXBuildFile; fileRef = 848D3BA12C46750C00EA36F2 /* Model.swift */; };
		848D3BA42C4681E900EA36F2 /* Localizable.xcstrings in Resources */ = {isa = PBXBuildFile; fileRef = 848D3BA32C4681E900EA36F2 /* Localizable.xcstrings */; };
		848D3BAA2C46879500EA36F2 /* LocalizationToturial-InfoPlist.xcstrings in Resources */ = {isa = PBXBuildFile; fileRef = 848D3BA92C46879500EA36F2 /* LocalizationToturial-InfoPlist.xcstrings */; };
/* End PBXBuildFile section */

/* Begin PBXFileReference section */
		845E98412C4E615800BF9483 /* LocalizedStringConstants.swift */ = {isa = PBXFileReference; lastKnownFileType = sourcecode.swift; path = LocalizedStringConstants.swift; sourceTree = "<group>"; };
		848D3B8E2C466C2A00EA36F2 /* LocalizationToturial.app */ = {isa = PBXFileReference; explicitFileType = wrapper.application; includeInIndex = 0; path = LocalizationToturial.app; sourceTree = BUILT_PRODUCTS_DIR; };
		848D3B912C466C2A00EA36F2 /* LocalizationToturialApp.swift */ = {isa = PBXFileReference; lastKnownFileType = sourcecode.swift; path = LocalizationToturialApp.swift; sourceTree = "<group>"; };
		848D3B932C466C2A00EA36F2 /* ContentView.swift */ = {isa = PBXFileReference; lastKnownFileType = sourcecode.swift; path = ContentView.swift; sourceTree = "<group>"; };
		848D3B952C466C2B00EA36F2 /* Assets.xcassets */ = {isa = PBXFileReference; lastKnownFileType = folder.assetcatalog; path = Assets.xcassets; sourceTree = "<group>"; };
		848D3B982C466C2B00EA36F2 /* Preview Assets.xcassets */ = {isa = PBXFileReference; lastKnownFileType = folder.assetcatalog; path = "Preview Assets.xcassets"; sourceTree = "<group>"; };
		848D3B9F2C46726600EA36F2 /* Helper.swift */ = {isa = PBXFileReference; lastKnownFileType = sourcecode.swift; path = Helper.swift; sourceTree = "<group>"; };
		848D3BA12C46750C00EA36F2 /* Model.swift */ = {isa = PBXFileReference; lastKnownFileType = sourcecode.swift; path = Model.swift; sourceTree = "<group>"; };
		848D3BA32C4681E900EA36F2 /* Localizable.xcstrings */ = {isa = PBXFileReference; lastKnownFileType = text.json.xcstrings; path = Localizable.xcstrings; sourceTree = "<group>"; };
		848D3BA92C46879500EA36F2 /* LocalizationToturial-InfoPlist.xcstrings */ = {isa = PBXFileReference; lastKnownFileType = text.json.xcstrings; path = "LocalizationToturial-InfoPlist.xcstrings"; sourceTree = "<group>"; };
/* End PBXFileReference section */

/* Begin PBXFrameworksBuildPhase section */
		848D3B8B2C466C2A00EA36F2 /* Frameworks */ = {
			isa = PBXFrameworksBuildPhase;
			buildActionMask = 2147483647;
			files = (
			);
			runOnlyForDeploymentPostprocessing = 0;
		};
/* End PBXFrameworksBuildPhase section */

/* Begin PBXGroup section */
		848D3B852C466C2A00EA36F2 = {
			isa = PBXGroup;
			children = (
				848D3BA32C4681E900EA36F2 /* Localizable.xcstrings */,
				848D3BA92C46879500EA36F2 /* LocalizationToturial-InfoPlist.xcstrings */,
				848D3B902C466C2A00EA36F2 /* LocalizationToturial */,
				848D3B8F2C466C2A00EA36F2 /* Products */,
			);
			sourceTree = "<group>";
		};
		848D3B8F2C466C2A00EA36F2 /* Products */ = {
			isa = PBXGroup;
			children = (
				848D3B8E2C466C2A00EA36F2 /* LocalizationToturial.app */,
			);
			name = Products;
			sourceTree = "<group>";
		};
		848D3B902C466C2A00EA36F2 /* LocalizationToturial */ = {
			isa = PBXGroup;
			children = (
				848D3B912C466C2A00EA36F2 /* LocalizationToturialApp.swift */,
				848D3B932C466C2A00EA36F2 /* ContentView.swift */,
				848D3BA12C46750C00EA36F2 /* Model.swift */,
				845E98412C4E615800BF9483 /* LocalizedStringConstants.swift */,
				848D3B9F2C46726600EA36F2 /* Helper.swift */,
				848D3B952C466C2B00EA36F2 /* Assets.xcassets */,
				848D3B972C466C2B00EA36F2 /* Preview Content */,
			);
			path = LocalizationToturial;
			sourceTree = "<group>";
		};
		848D3B972C466C2B00EA36F2 /* Preview Content */ = {
			isa = PBXGroup;
			children = (
				848D3B982C466C2B00EA36F2 /* Preview Assets.xcassets */,
			);
			path = "Preview Content";
			sourceTree = "<group>";
		};
/* End PBXGroup section */

/* Begin PBXNativeTarget section */
		848D3B8D2C466C2A00EA36F2 /* LocalizationToturial */ = {
			isa = PBXNativeTarget;
			buildConfigurationList = 848D3B9C2C466C2B00EA36F2 /* Build configuration list for PBXNativeTarget "LocalizationToturial" */;
			buildPhases = (
				848D3B8A2C466C2A00EA36F2 /* Sources */,
				848D3B8B2C466C2A00EA36F2 /* Frameworks */,
				848D3B8C2C466C2A00EA36F2 /* Resources */,
			);
			buildRules = (
			);
			dependencies = (
			);
			name = LocalizationToturial;
			productName = LocalizationToturial;
			productReference = 848D3B8E2C466C2A00EA36F2 /* LocalizationToturial.app */;
			productType = "com.apple.product-type.application";
		};
/* End PBXNativeTarget section */

/* Begin PBXProject section */
		848D3B862C466C2A00EA36F2 /* Project object */ = {
			isa = PBXProject;
			attributes = {
				BuildIndependentTargetsInParallel = 1;
				LastSwiftUpdateCheck = 1540;
				LastUpgradeCheck = 1540;
				TargetAttributes = {
					848D3B8D2C466C2A00EA36F2 = {
						CreatedOnToolsVersion = 15.4;
					};
				};
			};
			buildConfigurationList = 848D3B892C466C2A00EA36F2 /* Build configuration list for PBXProject "LocalizationToturial" */;
			compatibilityVersion = "Xcode 14.0";
			developmentRegion = en;
			hasScannedForEncodings = 0;
			knownRegions = (
				en,
				Base,
				ar,
				"zh-Hans",
				fr,
				de,
				uk,
			);
			mainGroup = 848D3B852C466C2A00EA36F2;
			productRefGroup = 848D3B8F2C466C2A00EA36F2 /* Products */;
			projectDirPath = "";
			projectRoot = "";
			targets = (
				848D3B8D2C466C2A00EA36F2 /* LocalizationToturial */,
			);
		};
/* End PBXProject section */

/* Begin PBXResourcesBuildPhase section */
		848D3B8C2C466C2A00EA36F2 /* Resources */ = {
			isa = PBXResourcesBuildPhase;
			buildActionMask = 2147483647;
			files = (
				848D3B992C466C2B00EA36F2 /* Preview Assets.xcassets in Resources */,
				848D3BAA2C46879500EA36F2 /* LocalizationToturial-InfoPlist.xcstrings in Resources */,
				848D3B962C466C2B00EA36F2 /* Assets.xcassets in Resources */,
				848D3BA42C4681E900EA36F2 /* Localizable.xcstrings in Resources */,
			);
			runOnlyForDeploymentPostprocessing = 0;
		};
/* End PBXResourcesBuildPhase section */

/* Begin PBXSourcesBuildPhase section */
		848D3B8A2C466C2A00EA36F2 /* Sources */ = {
			isa = PBXSourcesBuildPhase;
			buildActionMask = 2147483647;
			files = (
				848D3B942C466C2A00EA36F2 /* ContentView.swift in Sources */,
				848D3B922C466C2A00EA36F2 /* LocalizationToturialApp.swift in Sources */,
				848D3BA02C46726600EA36F2 /* Helper.swift in Sources */,
				848D3BA22C46750C00EA36F2 /* Model.swift in Sources */,
				845E98422C4E615800BF9483 /* LocalizedStringConstants.swift in Sources */,
			);
			runOnlyForDeploymentPostprocessing = 0;
		};
/* End PBXSourcesBuildPhase section */

/* Begin XCBuildConfiguration section */
		848D3B9A2C466C2B00EA36F2 /* Debug */ = {
			isa = XCBuildConfiguration;
			buildSettings = {
				ALWAYS_SEARCH_USER_PATHS = NO;
				ASSETCATALOG_COMPILER_GENERATE_SWIFT_ASSET_SYMBOL_EXTENSIONS = YES;
				CLANG_ANALYZER_NONNULL = YES;
				CLANG_ANALYZER_NUMBER_OBJECT_CONVERSION = YES_AGGRESSIVE;
				CLANG_CXX_LANGUAGE_STANDARD = "gnu++20";
				CLANG_ENABLE_MODULES = YES;
				CLANG_ENABLE_OBJC_ARC = YES;
				CLANG_ENABLE_OBJC_WEAK = YES;
				CLANG_WARN_BLOCK_CAPTURE_AUTORELEASING = YES;
				CLANG_WARN_BOOL_CONVERSION = YES;
				CLANG_WARN_COMMA = YES;
				CLANG_WARN_CONSTANT_CONVERSION = YES;
				CLANG_WARN_DEPRECATED_OBJC_IMPLEMENTATIONS = YES;
				CLANG_WARN_DIRECT_OBJC_ISA_USAGE = YES_ERROR;
				CLANG_WARN_DOCUMENTATION_COMMENTS = YES;
				CLANG_WARN_EMPTY_BODY = YES;
				CLANG_WARN_ENUM_CONVERSION = YES;
				CLANG_WARN_INFINITE_RECURSION = YES;
				CLANG_WARN_INT_CONVERSION = YES;
				CLANG_WARN_NON_LITERAL_NULL_CONVERSION = YES;
				CLANG_WARN_OBJC_IMPLICIT_RETAIN_SELF = YES;
				CLANG_WARN_OBJC_LITERAL_CONVERSION = YES;
				CLANG_WARN_OBJC_ROOT_CLASS = YES_ERROR;
				CLANG_WARN_QUOTED_INCLUDE_IN_FRAMEWORK_HEADER = YES;
				CLANG_WARN_RANGE_LOOP_ANALYSIS = YES;
				CLANG_WARN_STRICT_PROTOTYPES = YES;
				CLANG_WARN_SUSPICIOUS_MOVE = YES;
				CLANG_WARN_UNGUARDED_AVAILABILITY = YES_AGGRESSIVE;
				CLANG_WARN_UNREACHABLE_CODE = YES;
				CLANG_WARN__DUPLICATE_METHOD_MATCH = YES;
				COPY_PHASE_STRIP = NO;
				DEBUG_INFORMATION_FORMAT = dwarf;
				ENABLE_STRICT_OBJC_MSGSEND = YES;
				ENABLE_TESTABILITY = YES;
				ENABLE_USER_SCRIPT_SANDBOXING = YES;
				GCC_C_LANGUAGE_STANDARD = gnu17;
				GCC_DYNAMIC_NO_PIC = NO;
				GCC_NO_COMMON_BLOCKS = YES;
				GCC_OPTIMIZATION_LEVEL = 0;
				GCC_PREPROCESSOR_DEFINITIONS = (
					"DEBUG=1",
					"$(inherited)",
				);
				GCC_WARN_64_TO_32_BIT_CONVERSION = YES;
				GCC_WARN_ABOUT_RETURN_TYPE = YES_ERROR;
				GCC_WARN_UNDECLARED_SELECTOR = YES;
				GCC_WARN_UNINITIALIZED_AUTOS = YES_AGGRESSIVE;
				GCC_WARN_UNUSED_FUNCTION = YES;
				GCC_WARN_UNUSED_VARIABLE = YES;
				IPHONEOS_DEPLOYMENT_TARGET = 17.4;
				LOCALIZATION_PREFERS_STRING_CATALOGS = YES;
				MTL_ENABLE_DEBUG_INFO = INCLUDE_SOURCE;
				MTL_FAST_MATH = YES;
				ONLY_ACTIVE_ARCH = YES;
				SDKROOT = iphoneos;
				SWIFT_ACTIVE_COMPILATION_CONDITIONS = "DEBUG $(inherited)";
				SWIFT_OPTIMIZATION_LEVEL = "-Onone";
			};
			name = Debug;
		};
		848D3B9B2C466C2B00EA36F2 /* Release */ = {
			isa = XCBuildConfiguration;
			buildSettings = {
				ALWAYS_SEARCH_USER_PATHS = NO;
				ASSETCATALOG_COMPILER_GENERATE_SWIFT_ASSET_SYMBOL_EXTENSIONS = YES;
				CLANG_ANALYZER_NONNULL = YES;
				CLANG_ANALYZER_NUMBER_OBJECT_CONVERSION = YES_AGGRESSIVE;
				CLANG_CXX_LANGUAGE_STANDARD = "gnu++20";
				CLANG_ENABLE_MODULES = YES;
				CLANG_ENABLE_OBJC_ARC = YES;
				CLANG_ENABLE_OBJC_WEAK = YES;
				CLANG_WARN_BLOCK_CAPTURE_AUTORELEASING = YES;
				CLANG_WARN_BOOL_CONVERSION = YES;
				CLANG_WARN_COMMA = YES;
				CLANG_WARN_CONSTANT_CONVERSION = YES;
				CLANG_WARN_DEPRECATED_OBJC_IMPLEMENTATIONS = YES;
				CLANG_WARN_DIRECT_OBJC_ISA_USAGE = YES_ERROR;
				CLANG_WARN_DOCUMENTATION_COMMENTS = YES;
				CLANG_WARN_EMPTY_BODY = YES;
				CLANG_WARN_ENUM_CONVERSION = YES;
				CLANG_WARN_INFINITE_RECURSION = YES;
				CLANG_WARN_INT_CONVERSION = YES;
				CLANG_WARN_NON_LITERAL_NULL_CONVERSION = YES;
				CLANG_WARN_OBJC_IMPLICIT_RETAIN_SELF = YES;
				CLANG_WARN_OBJC_LITERAL_CONVERSION = YES;
				CLANG_WARN_OBJC_ROOT_CLASS = YES_ERROR;
				CLANG_WARN_QUOTED_INCLUDE_IN_FRAMEWORK_HEADER = YES;
				CLANG_WARN_RANGE_LOOP_ANALYSIS = YES;
				CLANG_WARN_STRICT_PROTOTYPES = YES;
				CLANG_WARN_SUSPICIOUS_MOVE = YES;
				CLANG_WARN_UNGUARDED_AVAILABILITY = YES_AGGRESSIVE;
				CLANG_WARN_UNREACHABLE_CODE = YES;
				CLANG_WARN__DUPLICATE_METHOD_MATCH = YES;
				COPY_PHASE_STRIP = NO;
				DEBUG_INFORMATION_FORMAT = "dwarf-with-dsym";
				ENABLE_NS_ASSERTIONS = NO;
				ENABLE_STRICT_OBJC_MSGSEND = YES;
				ENABLE_USER_SCRIPT_SANDBOXING = YES;
				GCC_C_LANGUAGE_STANDARD = gnu17;
				GCC_NO_COMMON_BLOCKS = YES;
				GCC_WARN_64_TO_32_BIT_CONVERSION = YES;
				GCC_WARN_ABOUT_RETURN_TYPE = YES_ERROR;
				GCC_WARN_UNDECLARED_SELECTOR = YES;
				GCC_WARN_UNINITIALIZED_AUTOS = YES_AGGRESSIVE;
				GCC_WARN_UNUSED_FUNCTION = YES;
				GCC_WARN_UNUSED_VARIABLE = YES;
				IPHONEOS_DEPLOYMENT_TARGET = 17.4;
				LOCALIZATION_PREFERS_STRING_CATALOGS = YES;
				MTL_ENABLE_DEBUG_INFO = NO;
				MTL_FAST_MATH = YES;
				SDKROOT = iphoneos;
				SWIFT_COMPILATION_MODE = wholemodule;
				VALIDATE_PRODUCT = YES;
			};
			name = Release;
		};
		848D3B9D2C466C2B00EA36F2 /* Debug */ = {
			isa = XCBuildConfiguration;
			buildSettings = {
				ASSETCATALOG_COMPILER_APPICON_NAME = AppIcon;
				ASSETCATALOG_COMPILER_GLOBAL_ACCENT_COLOR_NAME = AccentColor;
				CODE_SIGN_STYLE = Automatic;
				CURRENT_PROJECT_VERSION = 1;
				DEVELOPMENT_ASSET_PATHS = "\"LocalizationToturial/Preview Content\"";
				DEVELOPMENT_TEAM = CL4AH9RNPQ;
				ENABLE_PREVIEWS = YES;
				GENERATE_INFOPLIST_FILE = YES;
				INFOPLIST_KEY_NSPhotoLibraryUsageDescription = "Please give access to photo librarty";
				INFOPLIST_KEY_UIApplicationSceneManifest_Generation = YES;
				INFOPLIST_KEY_UIApplicationSupportsIndirectInputEvents = YES;
				INFOPLIST_KEY_UILaunchScreen_Generation = YES;
				INFOPLIST_KEY_UISupportedInterfaceOrientations_iPad = "UIInterfaceOrientationPortrait UIInterfaceOrientationPortraitUpsideDown UIInterfaceOrientationLandscapeLeft UIInterfaceOrientationLandscapeRight";
				INFOPLIST_KEY_UISupportedInterfaceOrientations_iPhone = "UIInterfaceOrientationPortrait UIInterfaceOrientationLandscapeLeft UIInterfaceOrientationLandscapeRight";
				LD_RUNPATH_SEARCH_PATHS = (
					"$(inherited)",
					"@executable_path/Frameworks",
				);
				MARKETING_VERSION = 1.0;
				PRODUCT_BUNDLE_IDENTIFIER = maa.dev.LocalizationToturial;
				PRODUCT_NAME = "$(TARGET_NAME)";
				SWIFT_EMIT_LOC_STRINGS = YES;
				SWIFT_VERSION = 5.0;
				TARGETED_DEVICE_FAMILY = "1,2";
			};
			name = Debug;
		};
		848D3B9E2C466C2B00EA36F2 /* Release */ = {
			isa = XCBuildConfiguration;
			buildSettings = {
				ASSETCATALOG_COMPILER_APPICON_NAME = AppIcon;
				ASSETCATALOG_COMPILER_GLOBAL_ACCENT_COLOR_NAME = AccentColor;
				CODE_SIGN_STYLE = Automatic;
				CURRENT_PROJECT_VERSION = 1;
				DEVELOPMENT_ASSET_PATHS = "\"LocalizationToturial/Preview Content\"";
				DEVELOPMENT_TEAM = CL4AH9RNPQ;
				ENABLE_PREVIEWS = YES;
				GENERATE_INFOPLIST_FILE = YES;
				INFOPLIST_KEY_NSPhotoLibraryUsageDescription = "Please give access to photo librarty";
				INFOPLIST_KEY_UIApplicationSceneManifest_Generation = YES;
				INFOPLIST_KEY_UIApplicationSupportsIndirectInputEvents = YES;
				INFOPLIST_KEY_UILaunchScreen_Generation = YES;
				INFOPLIST_KEY_UISupportedInterfaceOrientations_iPad = "UIInterfaceOrientationPortrait UIInterfaceOrientationPortraitUpsideDown UIInterfaceOrientationLandscapeLeft UIInterfaceOrientationLandscapeRight";
				INFOPLIST_KEY_UISupportedInterfaceOrientations_iPhone = "UIInterfaceOrientationPortrait UIInterfaceOrientationLandscapeLeft UIInterfaceOrientationLandscapeRight";
				LD_RUNPATH_SEARCH_PATHS = (
					"$(inherited)",
					"@executable_path/Frameworks",
				);
				MARKETING_VERSION = 1.0;
				PRODUCT_BUNDLE_IDENTIFIER = maa.dev.LocalizationToturial;
				PRODUCT_NAME = "$(TARGET_NAME)";
				SWIFT_EMIT_LOC_STRINGS = YES;
				SWIFT_VERSION = 5.0;
				TARGETED_DEVICE_FAMILY = "1,2";
			};
			name = Release;
		};
/* End XCBuildConfiguration section */

/* Begin XCConfigurationList section */
		848D3B892C466C2A00EA36F2 /* Build configuration list for PBXProject "LocalizationToturial" */ = {
			isa = XCConfigurationList;
			buildConfigurations = (
				848D3B9A2C466C2B00EA36F2 /* Debug */,
				848D3B9B2C466C2B00EA36F2 /* Release */,
			);
			defaultConfigurationIsVisible = 0;
			defaultConfigurationName = Release;
		};
		848D3B9C2C466C2B00EA36F2 /* Build configuration list for PBXNativeTarget "LocalizationToturial" */ = {
			isa = XCConfigurationList;
			buildConfigurations = (
				848D3B9D2C466C2B00EA36F2 /* Debug */,
				848D3B9E2C466C2B00EA36F2 /* Release */,
			);
			defaultConfigurationIsVisible = 0;
			defaultConfigurationName = Release;
		};
/* End XCConfigurationList section */
	};
	rootObject = 848D3B862C466C2A00EA36F2 /* Project object */;
}
